
Microsoft Visual Studio Solution File, Format Version 12.00
# Visual Studio Version 16
VisualStudioVersion = 16.0.31605.320
MinimumVisualStudioVersion = 10.0.40219.1
Project("{FAE04EC0-301F-11D3-BF4B-00C04F79EFBC}") = "TaskBoard.WebApp", "TaskBoard.WebApp\TaskBoard.WebApp.csproj", "{CC759849-6C9C-4CF7-94B0-40C679137CCC}"
EndProject
Global
	GlobalSection(SolutionConfigurationPlatforms) = preSolution
		Debug|Any CPU = Debug|Any CPU
		Release|Any CPU = Release|Any CPU
	EndGlobalSection
	GlobalSection(ProjectConfigurationPlatforms) = postSolution
		{CC759849-6C9C-4CF7-94B0-40C679137CCC}.Debug|Any CPU.ActiveCfg = Debug|Any CPU
		{CC759849-6C9C-4CF7-94B0-40C679137CCC}.Debug|Any CPU.Build.0 = Debug|Any CPU
		{CC759849-6C9C-4CF7-94B0-40C679137CCC}.Release|Any CPU.ActiveCfg = Release|Any CPU
		{CC759849-6C9C-4CF7-94B0-40C679137CCC}.Release|Any CPU.Build.0 = Release|Any CPU
	EndGlobalSection
	GlobalSection(SolutionProperties) = preSolution
		HideSolutionNode = FALSE
	EndGlobalSection
	GlobalSection(ExtensibilityGlobals) = postSolution
		SolutionGuid = {75E80278-27A8-48DB-9E85-95B3E41DDB89}
	EndGlobalSection
EndGlobal
